
Microsoft Visual Studio Solution File, Format Version 12.00
# Visual Studio 14
VisualStudioVersion = 14.0.25420.1
MinimumVisualStudioVersion = 10.0.40219.1
Project("{FAE04EC0-301F-11D3-BF4B-00C04F79EFBC}") = "CnotHttp.Portable", "CnotHttp.Portable\CnotHttp.Portable.csproj", "{01D842DA-1A8F-49AB-A94B-535A538BBE80}"
EndProject
Project("{FAE04EC0-301F-11D3-BF4B-00C04F79EFBC}") = "CnotHttp.IntegrationTests", "CnotHttp.IntegrationTests\CnotHttp.IntegrationTests.csproj", "{E2915918-4791-4CC9-B804-6DA22275940C}"
EndProject
Global
	GlobalSection(SolutionConfigurationPlatforms) = preSolution
		Debug|Any CPU = Debug|Any CPU
		Release|Any CPU = Release|Any CPU
	EndGlobalSection
	GlobalSection(ProjectConfigurationPlatforms) = postSolution
		{01D842DA-1A8F-49AB-A94B-535A538BBE80}.Debug|Any CPU.ActiveCfg = Debug|Any CPU
		{01D842DA-1A8F-49AB-A94B-535A538BBE80}.Debug|Any CPU.Build.0 = Debug|Any CPU
		{01D842DA-1A8F-49AB-A94B-535A538BBE80}.Release|Any CPU.ActiveCfg = Release|Any CPU
		{01D842DA-1A8F-49AB-A94B-535A538BBE80}.Release|Any CPU.Build.0 = Release|Any CPU
		{E2915918-4791-4CC9-B804-6DA22275940C}.Debug|Any CPU.ActiveCfg = Debug|Any CPU
		{E2915918-4791-4CC9-B804-6DA22275940C}.Debug|Any CPU.Build.0 = Debug|Any CPU
		{E2915918-4791-4CC9-B804-6DA22275940C}.Release|Any CPU.ActiveCfg = Release|Any CPU
		{E2915918-4791-4CC9-B804-6DA22275940C}.Release|Any CPU.Build.0 = Release|Any CPU
	EndGlobalSection
	GlobalSection(SolutionProperties) = preSolution
		HideSolutionNode = FALSE
	EndGlobalSection
EndGlobal
